// !$*UTF8*$!
{
	archiveVersion = 1;
	classes = {
	};
	objectVersion = 56;
	objects = {

/* Begin PBXBuildFile section */
		611355182C21C45600B441E2 /* Launch Screen.storyboard in Resources */ = {isa = PBXBuildFile; fileRef = 611355172C21C45600B441E2 /* Launch Screen.storyboard */; };
		611453942C0DD8CA00F80CB3 /* MoviezApp.swift in Sources */ = {isa = PBXBuildFile; fileRef = 611453932C0DD8CA00F80CB3 /* MoviezApp.swift */; };
		611453982C0DD8CC00F80CB3 /* Assets.xcassets in Resources */ = {isa = PBXBuildFile; fileRef = 611453972C0DD8CC00F80CB3 /* Assets.xcassets */; };
		6114539B2C0DD8CC00F80CB3 /* Preview Assets.xcassets in Resources */ = {isa = PBXBuildFile; fileRef = 6114539A2C0DD8CC00F80CB3 /* Preview Assets.xcassets */; };
		611453B52C0DDA7F00F80CB3 /* MainTabView.swift in Sources */ = {isa = PBXBuildFile; fileRef = 611453B42C0DDA7F00F80CB3 /* MainTabView.swift */; };
		611453B72C0DDAC400F80CB3 /* NowPlayingView.swift in Sources */ = {isa = PBXBuildFile; fileRef = 611453B62C0DDAC400F80CB3 /* NowPlayingView.swift */; };
		611453B92C0DDAD300F80CB3 /* PopularView.swift in Sources */ = {isa = PBXBuildFile; fileRef = 611453B82C0DDAD300F80CB3 /* PopularView.swift */; };
		611453BC2C0DDAE200F80CB3 /* TopRatedView.swift in Sources */ = {isa = PBXBuildFile; fileRef = 611453BB2C0DDAE200F80CB3 /* TopRatedView.swift */; };
		611453BE2C0DDAEE00F80CB3 /* UpcomingView.swift in Sources */ = {isa = PBXBuildFile; fileRef = 611453BD2C0DDAEE00F80CB3 /* UpcomingView.swift */; };
		6122D99F2C1097C4002C4B1C /* MoviesListType.swift in Sources */ = {isa = PBXBuildFile; fileRef = 6122D99E2C1097C4002C4B1C /* MoviesListType.swift */; };
		6122D9A12C10A485002C4B1C /* MovieDetailsView.swift in Sources */ = {isa = PBXBuildFile; fileRef = 6122D9A02C10A485002C4B1C /* MovieDetailsView.swift */; };
		61FC28BD2C0F0BEB0013E717 /* MovieCardView.swift in Sources */ = {isa = PBXBuildFile; fileRef = 61FC28BC2C0F0BEB0013E717 /* MovieCardView.swift */; };
		61FC28C02C0F3E520013E717 /* ResponseBase.swift in Sources */ = {isa = PBXBuildFile; fileRef = 61FC28BE2C0F3E520013E717 /* ResponseBase.swift */; };
		61FC28C12C0F3E520013E717 /* Movie.swift in Sources */ = {isa = PBXBuildFile; fileRef = 61FC28BF2C0F3E520013E717 /* Movie.swift */; };
		61FC28C32C0F40060013E717 /* ApiServices.swift in Sources */ = {isa = PBXBuildFile; fileRef = 61FC28C22C0F40060013E717 /* ApiServices.swift */; };
		61FC28C52C0F40A50013E717 /* NetworkManager.swift in Sources */ = {isa = PBXBuildFile; fileRef = 61FC28C42C0F40A50013E717 /* NetworkManager.swift */; };
		61FC28C72C0F46510013E717 /* NetworkConstants.swift in Sources */ = {isa = PBXBuildFile; fileRef = 61FC28C62C0F46510013E717 /* NetworkConstants.swift */; };
		61FC28C92C0F52390013E717 /* NetworkErrors.swift in Sources */ = {isa = PBXBuildFile; fileRef = 61FC28C82C0F52390013E717 /* NetworkErrors.swift */; };
		61FC28CB2C1070ED0013E717 /* MovieRepository.swift in Sources */ = {isa = PBXBuildFile; fileRef = 61FC28CA2C1070ED0013E717 /* MovieRepository.swift */; };
		61FC28CD2C1071B30013E717 /* MovieRepositoryImpl.swift in Sources */ = {isa = PBXBuildFile; fileRef = 61FC28CC2C1071B30013E717 /* MovieRepositoryImpl.swift */; };
		61FC28D02C1077A30013E717 /* MovieViewModel.swift in Sources */ = {isa = PBXBuildFile; fileRef = 61FC28CF2C1077A30013E717 /* MovieViewModel.swift */; };
/* End PBXBuildFile section */

/* Begin PBXFileReference section */
		611355172C21C45600B441E2 /* Launch Screen.storyboard */ = {isa = PBXFileReference; lastKnownFileType = file.storyboard; path = "Launch Screen.storyboard"; sourceTree = "<group>"; };
		611453902C0DD8CA00F80CB3 /* Moviez.app */ = {isa = PBXFileReference; explicitFileType = wrapper.application; includeInIndex = 0; path = Moviez.app; sourceTree = BUILT_PRODUCTS_DIR; };
		611453932C0DD8CA00F80CB3 /* MoviezApp.swift */ = {isa = PBXFileReference; lastKnownFileType = sourcecode.swift; path = MoviezApp.swift; sourceTree = "<group>"; };
		611453972C0DD8CC00F80CB3 /* Assets.xcassets */ = {isa = PBXFileReference; lastKnownFileType = folder.assetcatalog; path = Assets.xcassets; sourceTree = "<group>"; };
		6114539A2C0DD8CC00F80CB3 /* Preview Assets.xcassets */ = {isa = PBXFileReference; lastKnownFileType = folder.assetcatalog; path = "Preview Assets.xcassets"; sourceTree = "<group>"; };
		611453B42C0DDA7F00F80CB3 /* MainTabView.swift */ = {isa = PBXFileReference; lastKnownFileType = sourcecode.swift; path = MainTabView.swift; sourceTree = "<group>"; };
		611453B62C0DDAC400F80CB3 /* NowPlayingView.swift */ = {isa = PBXFileReference; lastKnownFileType = sourcecode.swift; path = NowPlayingView.swift; sourceTree = "<group>"; };
		611453B82C0DDAD300F80CB3 /* PopularView.swift */ = {isa = PBXFileReference; lastKnownFileType = sourcecode.swift; path = PopularView.swift; sourceTree = "<group>"; };
		611453BB2C0DDAE200F80CB3 /* TopRatedView.swift */ = {isa = PBXFileReference; lastKnownFileType = sourcecode.swift; path = TopRatedView.swift; sourceTree = "<group>"; };
		611453BD2C0DDAEE00F80CB3 /* UpcomingView.swift */ = {isa = PBXFileReference; lastKnownFileType = sourcecode.swift; path = UpcomingView.swift; sourceTree = "<group>"; };
		6122D99E2C1097C4002C4B1C /* MoviesListType.swift */ = {isa = PBXFileReference; lastKnownFileType = sourcecode.swift; path = MoviesListType.swift; sourceTree = "<group>"; };
		6122D9A02C10A485002C4B1C /* MovieDetailsView.swift */ = {isa = PBXFileReference; lastKnownFileType = sourcecode.swift; path = MovieDetailsView.swift; sourceTree = "<group>"; };
		61FC28BC2C0F0BEB0013E717 /* MovieCardView.swift */ = {isa = PBXFileReference; lastKnownFileType = sourcecode.swift; path = MovieCardView.swift; sourceTree = "<group>"; };
		61FC28BE2C0F3E520013E717 /* ResponseBase.swift */ = {isa = PBXFileReference; fileEncoding = 4; lastKnownFileType = sourcecode.swift; name = ResponseBase.swift; path = ../../../../../../Downloads/codegen_665f06b97b6a5/ResponseBase.swift; sourceTree = "<group>"; };
		61FC28BF2C0F3E520013E717 /* Movie.swift */ = {isa = PBXFileReference; fileEncoding = 4; lastKnownFileType = sourcecode.swift; name = Movie.swift; path = ../../../../../../Downloads/codegen_665f06b97b6a5/Movie.swift; sourceTree = "<group>"; };
		61FC28C22C0F40060013E717 /* ApiServices.swift */ = {isa = PBXFileReference; lastKnownFileType = sourcecode.swift; path = ApiServices.swift; sourceTree = "<group>"; };
		61FC28C42C0F40A50013E717 /* NetworkManager.swift */ = {isa = PBXFileReference; lastKnownFileType = sourcecode.swift; path = NetworkManager.swift; sourceTree = "<group>"; };
		61FC28C62C0F46510013E717 /* NetworkConstants.swift */ = {isa = PBXFileReference; lastKnownFileType = sourcecode.swift; path = NetworkConstants.swift; sourceTree = "<group>"; };
		61FC28C82C0F52390013E717 /* NetworkErrors.swift */ = {isa = PBXFileReference; lastKnownFileType = sourcecode.swift; path = NetworkErrors.swift; sourceTree = "<group>"; };
		61FC28CA2C1070ED0013E717 /* MovieRepository.swift */ = {isa = PBXFileReference; lastKnownFileType = sourcecode.swift; name = MovieRepository.swift; path = Moviez/Core/Data/Network/MovieRepository.swift; sourceTree = SOURCE_ROOT; };
		61FC28CC2C1071B30013E717 /* MovieRepositoryImpl.swift */ = {isa = PBXFileReference; lastKnownFileType = sourcecode.swift; path = MovieRepositoryImpl.swift; sourceTree = "<group>"; };
		61FC28CF2C1077A30013E717 /* MovieViewModel.swift */ = {isa = PBXFileReference; lastKnownFileType = sourcecode.swift; path = MovieViewModel.swift; sourceTree = "<group>"; };
/* End PBXFileReference section */

/* Begin PBXFrameworksBuildPhase section */
		6114538D2C0DD8CA00F80CB3 /* Frameworks */ = {
			isa = PBXFrameworksBuildPhase;
			buildActionMask = 2147483647;
			files = (
			);
			runOnlyForDeploymentPostprocessing = 0;
		};
/* End PBXFrameworksBuildPhase section */

/* Begin PBXGroup section */
		611453872C0DD8CA00F80CB3 = {
			isa = PBXGroup;
			children = (
				611453922C0DD8CA00F80CB3 /* Moviez */,
				611453912C0DD8CA00F80CB3 /* Products */,
			);
			sourceTree = "<group>";
		};
		611453912C0DD8CA00F80CB3 /* Products */ = {
			isa = PBXGroup;
			children = (
				611453902C0DD8CA00F80CB3 /* Moviez.app */,
			);
			name = Products;
			sourceTree = "<group>";
		};
		611453922C0DD8CA00F80CB3 /* Moviez */ = {
			isa = PBXGroup;
			children = (
				611453A22C0DD91C00F80CB3 /* App */,
				611453A12C0DD91400F80CB3 /* Core */,
				611453972C0DD8CC00F80CB3 /* Assets.xcassets */,
				611453992C0DD8CC00F80CB3 /* Preview Content */,
			);
			path = Moviez;
			sourceTree = "<group>";
		};
		611453992C0DD8CC00F80CB3 /* Preview Content */ = {
			isa = PBXGroup;
			children = (
				6114539A2C0DD8CC00F80CB3 /* Preview Assets.xcassets */,
			);
			path = "Preview Content";
			sourceTree = "<group>";
		};
		611453A12C0DD91400F80CB3 /* Core */ = {
			isa = PBXGroup;
			children = (
				611453A52C0DD93300F80CB3 /* Data */,
				611453A42C0DD93000F80CB3 /* Domain */,
				611453A32C0DD92E00F80CB3 /* Presentaion */,
			);
			path = Core;
			sourceTree = "<group>";
		};
		611453A22C0DD91C00F80CB3 /* App */ = {
			isa = PBXGroup;
			children = (
				611453932C0DD8CA00F80CB3 /* MoviezApp.swift */,
			);
			path = App;
			sourceTree = "<group>";
		};
		611453A32C0DD92E00F80CB3 /* Presentaion */ = {
			isa = PBXGroup;
			children = (
				61FC28CE2C10778C0013E717 /* ViewModel */,
				61FC28BB2C0F0BAF0013E717 /* Components */,
				611453AA2C0DD9CC00F80CB3 /* TabView */,
			);
			path = Presentaion;
			sourceTree = "<group>";
		};
		611453A42C0DD93000F80CB3 /* Domain */ = {
			isa = PBXGroup;
			children = (
				611453A92C0DD9AA00F80CB3 /* Repository */,
				611453A82C0DD98E00F80CB3 /* RepositoryImpl */,
			);
			path = Domain;
			sourceTree = "<group>";
		};
		611453A52C0DD93300F80CB3 /* Data */ = {
			isa = PBXGroup;
			children = (
				611453A72C0DD98300F80CB3 /* Models */,
				611453A62C0DD96E00F80CB3 /* Network */,
			);
			path = Data;
			sourceTree = "<group>";
		};
		611453A62C0DD96E00F80CB3 /* Network */ = {
			isa = PBXGroup;
			children = (
				61FC28C62C0F46510013E717 /* NetworkConstants.swift */,
				61FC28C22C0F40060013E717 /* ApiServices.swift */,
				61FC28C42C0F40A50013E717 /* NetworkManager.swift */,
				61FC28C82C0F52390013E717 /* NetworkErrors.swift */,
			);
			path = Network;
			sourceTree = "<group>";
		};
		611453A72C0DD98300F80CB3 /* Models */ = {
			isa = PBXGroup;
			children = (
				61FC28BE2C0F3E520013E717 /* ResponseBase.swift */,
				61FC28BF2C0F3E520013E717 /* Movie.swift */,
			);
			path = Models;
			sourceTree = "<group>";
		};
		611453A82C0DD98E00F80CB3 /* RepositoryImpl */ = {
			isa = PBXGroup;
			children = (
				61FC28CC2C1071B30013E717 /* MovieRepositoryImpl.swift */,
			);
			path = RepositoryImpl;
			sourceTree = "<group>";
		};
		611453A92C0DD9AA00F80CB3 /* Repository */ = {
			isa = PBXGroup;
			children = (
				61FC28CA2C1070ED0013E717 /* MovieRepository.swift */,
			);
			path = Repository;
			sourceTree = "<group>";
		};
		611453AA2C0DD9CC00F80CB3 /* TabView */ = {
			isa = PBXGroup;
			children = (
				611453B42C0DDA7F00F80CB3 /* MainTabView.swift */,
				611453AF2C0DDA2800F80CB3 /* NowPlaying */,
				611453AD2C0DD9E900F80CB3 /* Popular */,
				611453B02C0DDA3000F80CB3 /* TopRated */,
				611453B22C0DDA4100F80CB3 /* Upcoming */,
			);
			path = TabView;
			sourceTree = "<group>";
		};
		611453AD2C0DD9E900F80CB3 /* Popular */ = {
			isa = PBXGroup;
			children = (
				611453B82C0DDAD300F80CB3 /* PopularView.swift */,
			);
			path = Popular;
			sourceTree = "<group>";
		};
		611453AF2C0DDA2800F80CB3 /* NowPlaying */ = {
			isa = PBXGroup;
			children = (
				611453B62C0DDAC400F80CB3 /* NowPlayingView.swift */,
			);
			path = NowPlaying;
			sourceTree = "<group>";
		};
		611453B02C0DDA3000F80CB3 /* TopRated */ = {
			isa = PBXGroup;
			children = (
				611453BB2C0DDAE200F80CB3 /* TopRatedView.swift */,
			);
			path = TopRated;
			sourceTree = "<group>";
		};
		611453B22C0DDA4100F80CB3 /* Upcoming */ = {
			isa = PBXGroup;
			children = (
				611453BD2C0DDAEE00F80CB3 /* UpcomingView.swift */,
			);
			path = Upcoming;
			sourceTree = "<group>";
		};
		61FC28BB2C0F0BAF0013E717 /* Components */ = {
			isa = PBXGroup;
			children = (
				6122D9A02C10A485002C4B1C /* MovieDetailsView.swift */,
				6122D99E2C1097C4002C4B1C /* MoviesListType.swift */,
				61FC28BC2C0F0BEB0013E717 /* MovieCardView.swift */,
				611355172C21C45600B441E2 /* Launch Screen.storyboard */,
			);
			path = Components;
			sourceTree = "<group>";
		};
		61FC28CE2C10778C0013E717 /* ViewModel */ = {
			isa = PBXGroup;
			children = (
				61FC28CF2C1077A30013E717 /* MovieViewModel.swift */,
			);
			path = ViewModel;
			sourceTree = "<group>";
		};
/* End PBXGroup section */

/* Begin PBXNativeTarget section */
		6114538F2C0DD8CA00F80CB3 /* Moviez */ = {
			isa = PBXNativeTarget;
			buildConfigurationList = 6114539E2C0DD8CC00F80CB3 /* Build configuration list for PBXNativeTarget "Moviez" */;
			buildPhases = (
				6114538C2C0DD8CA00F80CB3 /* Sources */,
				6114538D2C0DD8CA00F80CB3 /* Frameworks */,
				6114538E2C0DD8CA00F80CB3 /* Resources */,
			);
			buildRules = (
			);
			dependencies = (
			);
			name = Moviez;
			packageProductDependencies = (
			);
			productName = Moviez;
			productReference = 611453902C0DD8CA00F80CB3 /* Moviez.app */;
			productType = "com.apple.product-type.application";
		};
/* End PBXNativeTarget section */

/* Begin PBXProject section */
		611453882C0DD8CA00F80CB3 /* Project object */ = {
			isa = PBXProject;
			attributes = {
				BuildIndependentTargetsInParallel = 1;
				LastSwiftUpdateCheck = 1540;
				LastUpgradeCheck = 1540;
				TargetAttributes = {
					6114538F2C0DD8CA00F80CB3 = {
						CreatedOnToolsVersion = 15.4;
					};
				};
			};
			buildConfigurationList = 6114538B2C0DD8CA00F80CB3 /* Build configuration list for PBXProject "Moviez" */;
			compatibilityVersion = "Xcode 14.0";
			developmentRegion = en;
			hasScannedForEncodings = 0;
			knownRegions = (
				en,
				Base,
			);
			mainGroup = 611453872C0DD8CA00F80CB3;
			packageReferences = (
			);
			productRefGroup = 611453912C0DD8CA00F80CB3 /* Products */;
			projectDirPath = "";
			projectRoot = "";
			targets = (
				6114538F2C0DD8CA00F80CB3 /* Moviez */,
			);
		};
/* End PBXProject section */

/* Begin PBXResourcesBuildPhase section */
		6114538E2C0DD8CA00F80CB3 /* Resources */ = {
			isa = PBXResourcesBuildPhase;
			buildActionMask = 2147483647;
			files = (
				611355182C21C45600B441E2 /* Launch Screen.storyboard in Resources */,
				6114539B2C0DD8CC00F80CB3 /* Preview Assets.xcassets in Resources */,
				611453982C0DD8CC00F80CB3 /* Assets.xcassets in Resources */,
			);
			runOnlyForDeploymentPostprocessing = 0;
		};
/* End PBXResourcesBuildPhase section */

/* Begin PBXSourcesBuildPhase section */
		6114538C2C0DD8CA00F80CB3 /* Sources */ = {
			isa = PBXSourcesBuildPhase;
			buildActionMask = 2147483647;
			files = (
				61FC28C72C0F46510013E717 /* NetworkConstants.swift in Sources */,
				61FC28C52C0F40A50013E717 /* NetworkManager.swift in Sources */,
				611453BE2C0DDAEE00F80CB3 /* UpcomingView.swift in Sources */,
				61FC28C92C0F52390013E717 /* NetworkErrors.swift in Sources */,
				6122D9A12C10A485002C4B1C /* MovieDetailsView.swift in Sources */,
				6122D99F2C1097C4002C4B1C /* MoviesListType.swift in Sources */,
				61FC28C02C0F3E520013E717 /* ResponseBase.swift in Sources */,
				61FC28CD2C1071B30013E717 /* MovieRepositoryImpl.swift in Sources */,
				611453B92C0DDAD300F80CB3 /* PopularView.swift in Sources */,
				61FC28C12C0F3E520013E717 /* Movie.swift in Sources */,
				61FC28CB2C1070ED0013E717 /* MovieRepository.swift in Sources */,
				61FC28BD2C0F0BEB0013E717 /* MovieCardView.swift in Sources */,
				611453B52C0DDA7F00F80CB3 /* MainTabView.swift in Sources */,
				61FC28C32C0F40060013E717 /* ApiServices.swift in Sources */,
				611453B72C0DDAC400F80CB3 /* NowPlayingView.swift in Sources */,
				611453942C0DD8CA00F80CB3 /* MoviezApp.swift in Sources */,
				61FC28D02C1077A30013E717 /* MovieViewModel.swift in Sources */,
				611453BC2C0DDAE200F80CB3 /* TopRatedView.swift in Sources */,
			);
			runOnlyForDeploymentPostprocessing = 0;
		};
/* End PBXSourcesBuildPhase section */

/* Begin XCBuildConfiguration section */
		6114539C2C0DD8CC00F80CB3 /* Debug */ = {
			isa = XCBuildConfiguration;
			buildSettings = {
				ALWAYS_SEARCH_USER_PATHS = NO;
				ASSETCATALOG_COMPILER_GENERATE_SWIFT_ASSET_SYMBOL_EXTENSIONS = YES;
				CLANG_ANALYZER_NONNULL = YES;
				CLANG_ANALYZER_NUMBER_OBJECT_CONVERSION = YES_AGGRESSIVE;
				CLANG_CXX_LANGUAGE_STANDARD = "gnu++20";
				CLANG_ENABLE_MODULES = YES;
				CLANG_ENABLE_OBJC_ARC = YES;
				CLANG_ENABLE_OBJC_WEAK = YES;
				CLANG_WARN_BLOCK_CAPTURE_AUTORELEASING = YES;
				CLANG_WARN_BOOL_CONVERSION = YES;
				CLANG_WARN_COMMA = YES;
				CLANG_WARN_CONSTANT_CONVERSION = YES;
				CLANG_WARN_DEPRECATED_OBJC_IMPLEMENTATIONS = YES;
				CLANG_WARN_DIRECT_OBJC_ISA_USAGE = YES_ERROR;
				CLANG_WARN_DOCUMENTATION_COMMENTS = YES;
				CLANG_WARN_EMPTY_BODY = YES;
				CLANG_WARN_ENUM_CONVERSION = YES;
				CLANG_WARN_INFINITE_RECURSION = YES;
				CLANG_WARN_INT_CONVERSION = YES;
				CLANG_WARN_NON_LITERAL_NULL_CONVERSION = YES;
				CLANG_WARN_OBJC_IMPLICIT_RETAIN_SELF = YES;
				CLANG_WARN_OBJC_LITERAL_CONVERSION = YES;
				CLANG_WARN_OBJC_ROOT_CLASS = YES_ERROR;
				CLANG_WARN_QUOTED_INCLUDE_IN_FRAMEWORK_HEADER = YES;
				CLANG_WARN_RANGE_LOOP_ANALYSIS = YES;
				CLANG_WARN_STRICT_PROTOTYPES = YES;
				CLANG_WARN_SUSPICIOUS_MOVE = YES;
				CLANG_WARN_UNGUARDED_AVAILABILITY = YES_AGGRESSIVE;
				CLANG_WARN_UNREACHABLE_CODE = YES;
				CLANG_WARN__DUPLICATE_METHOD_MATCH = YES;
				COPY_PHASE_STRIP = NO;
				DEBUG_INFORMATION_FORMAT = dwarf;
				ENABLE_STRICT_OBJC_MSGSEND = YES;
				ENABLE_TESTABILITY = YES;
				ENABLE_USER_SCRIPT_SANDBOXING = YES;
				GCC_C_LANGUAGE_STANDARD = gnu17;
				GCC_DYNAMIC_NO_PIC = NO;
				GCC_NO_COMMON_BLOCKS = YES;
				GCC_OPTIMIZATION_LEVEL = 0;
				GCC_PREPROCESSOR_DEFINITIONS = (
					"DEBUG=1",
					"$(inherited)",
				);
				GCC_WARN_64_TO_32_BIT_CONVERSION = YES;
				GCC_WARN_ABOUT_RETURN_TYPE = YES_ERROR;
				GCC_WARN_UNDECLARED_SELECTOR = YES;
				GCC_WARN_UNINITIALIZED_AUTOS = YES_AGGRESSIVE;
				GCC_WARN_UNUSED_FUNCTION = YES;
				GCC_WARN_UNUSED_VARIABLE = YES;
				IPHONEOS_DEPLOYMENT_TARGET = 17.5;
				LOCALIZATION_PREFERS_STRING_CATALOGS = YES;
				MTL_ENABLE_DEBUG_INFO = INCLUDE_SOURCE;
				MTL_FAST_MATH = YES;
				ONLY_ACTIVE_ARCH = YES;
				SDKROOT = iphoneos;
				SWIFT_ACTIVE_COMPILATION_CONDITIONS = "DEBUG $(inherited)";
				SWIFT_OPTIMIZATION_LEVEL = "-Onone";
			};
			name = Debug;
		};
		6114539D2C0DD8CC00F80CB3 /* Release */ = {
			isa = XCBuildConfiguration;
			buildSettings = {
				ALWAYS_SEARCH_USER_PATHS = NO;
				ASSETCATALOG_COMPILER_GENERATE_SWIFT_ASSET_SYMBOL_EXTENSIONS = YES;
				CLANG_ANALYZER_NONNULL = YES;
				CLANG_ANALYZER_NUMBER_OBJECT_CONVERSION = YES_AGGRESSIVE;
				CLANG_CXX_LANGUAGE_STANDARD = "gnu++20";
				CLANG_ENABLE_MODULES = YES;
				CLANG_ENABLE_OBJC_ARC = YES;
				CLANG_ENABLE_OBJC_WEAK = YES;
				CLANG_WARN_BLOCK_CAPTURE_AUTORELEASING = YES;
				CLANG_WARN_BOOL_CONVERSION = YES;
				CLANG_WARN_COMMA = YES;
				CLANG_WARN_CONSTANT_CONVERSION = YES;
				CLANG_WARN_DEPRECATED_OBJC_IMPLEMENTATIONS = YES;
				CLANG_WARN_DIRECT_OBJC_ISA_USAGE = YES_ERROR;
				CLANG_WARN_DOCUMENTATION_COMMENTS = YES;
				CLANG_WARN_EMPTY_BODY = YES;
				CLANG_WARN_ENUM_CONVERSION = YES;
				CLANG_WARN_INFINITE_RECURSION = YES;
				CLANG_WARN_INT_CONVERSION = YES;
				CLANG_WARN_NON_LITERAL_NULL_CONVERSION = YES;
				CLANG_WARN_OBJC_IMPLICIT_RETAIN_SELF = YES;
				CLANG_WARN_OBJC_LITERAL_CONVERSION = YES;
				CLANG_WARN_OBJC_ROOT_CLASS = YES_ERROR;
				CLANG_WARN_QUOTED_INCLUDE_IN_FRAMEWORK_HEADER = YES;
				CLANG_WARN_RANGE_LOOP_ANALYSIS = YES;
				CLANG_WARN_STRICT_PROTOTYPES = YES;
				CLANG_WARN_SUSPICIOUS_MOVE = YES;
				CLANG_WARN_UNGUARDED_AVAILABILITY = YES_AGGRESSIVE;
				CLANG_WARN_UNREACHABLE_CODE = YES;
				CLANG_WARN__DUPLICATE_METHOD_MATCH = YES;
				COPY_PHASE_STRIP = NO;
				DEBUG_INFORMATION_FORMAT = "dwarf-with-dsym";
				ENABLE_NS_ASSERTIONS = NO;
				ENABLE_STRICT_OBJC_MSGSEND = YES;
				ENABLE_USER_SCRIPT_SANDBOXING = YES;
				GCC_C_LANGUAGE_STANDARD = gnu17;
				GCC_NO_COMMON_BLOCKS = YES;
				GCC_WARN_64_TO_32_BIT_CONVERSION = YES;
				GCC_WARN_ABOUT_RETURN_TYPE = YES_ERROR;
				GCC_WARN_UNDECLARED_SELECTOR = YES;
				GCC_WARN_UNINITIALIZED_AUTOS = YES_AGGRESSIVE;
				GCC_WARN_UNUSED_FUNCTION = YES;
				GCC_WARN_UNUSED_VARIABLE = YES;
				IPHONEOS_DEPLOYMENT_TARGET = 17.5;
				LOCALIZATION_PREFERS_STRING_CATALOGS = YES;
				MTL_ENABLE_DEBUG_INFO = NO;
				MTL_FAST_MATH = YES;
				SDKROOT = iphoneos;
				SWIFT_COMPILATION_MODE = wholemodule;
				VALIDATE_PRODUCT = YES;
			};
			name = Release;
		};
		6114539F2C0DD8CC00F80CB3 /* Debug */ = {
			isa = XCBuildConfiguration;
			buildSettings = {
				ASSETCATALOG_COMPILER_APPICON_NAME = AppIcon;
				ASSETCATALOG_COMPILER_GLOBAL_ACCENT_COLOR_NAME = AccentColor;
				CODE_SIGN_STYLE = Automatic;
				CURRENT_PROJECT_VERSION = 1;
				DEVELOPMENT_ASSET_PATHS = "\"Moviez/Preview Content\"";
				DEVELOPMENT_TEAM = Y7SYJZ38GY;
				ENABLE_PREVIEWS = YES;
				GENERATE_INFOPLIST_FILE = YES;
				INFOPLIST_KEY_UIApplicationSceneManifest_Generation = YES;
				INFOPLIST_KEY_UIApplicationSupportsIndirectInputEvents = YES;
				INFOPLIST_KEY_UILaunchScreen_Generation = YES;
				INFOPLIST_KEY_UILaunchStoryboardName = "Launch Screen.storyboard";
				INFOPLIST_KEY_UISupportedInterfaceOrientations_iPad = "UIInterfaceOrientationPortrait UIInterfaceOrientationPortraitUpsideDown UIInterfaceOrientationLandscapeLeft UIInterfaceOrientationLandscapeRight";
				INFOPLIST_KEY_UISupportedInterfaceOrientations_iPhone = "UIInterfaceOrientationPortrait UIInterfaceOrientationLandscapeLeft UIInterfaceOrientationLandscapeRight";
				IPHONEOS_DEPLOYMENT_TARGET = 17.5;
				LD_RUNPATH_SEARCH_PATHS = (
					"$(inherited)",
					"@executable_path/Frameworks",
				);
				MARKETING_VERSION = 1.0;
				MD_API_KEY = c9856d0cb57c3f14bf75bdc6c063b8f3;
				PRODUCT_BUNDLE_IDENTIFIER = com.alaazarifa.moviez.Moviez;
				PRODUCT_NAME = "$(TARGET_NAME)";
				SWIFT_EMIT_LOC_STRINGS = YES;
				SWIFT_VERSION = 5.0;
				TARGETED_DEVICE_FAMILY = "1,2";
			};
			name = Debug;
		};
		611453A02C0DD8CC00F80CB3 /* Release */ = {
			isa = XCBuildConfiguration;
			buildSettings = {
				ASSETCATALOG_COMPILER_APPICON_NAME = AppIcon;
				ASSETCATALOG_COMPILER_GLOBAL_ACCENT_COLOR_NAME = AccentColor;
				CODE_SIGN_STYLE = Automatic;
				CURRENT_PROJECT_VERSION = 1;
				DEVELOPMENT_ASSET_PATHS = "\"Moviez/Preview Content\"";
				DEVELOPMENT_TEAM = Y7SYJZ38GY;
				ENABLE_PREVIEWS = YES;
				GENERATE_INFOPLIST_FILE = YES;
				INFOPLIST_KEY_UIApplicationSceneManifest_Generation = YES;
				INFOPLIST_KEY_UIApplicationSupportsIndirectInputEvents = YES;
				INFOPLIST_KEY_UILaunchScreen_Generation = YES;
				INFOPLIST_KEY_UILaunchStoryboardName = "Launch Screen.storyboard";
				INFOPLIST_KEY_UISupportedInterfaceOrientations_iPad = "UIInterfaceOrientationPortrait UIInterfaceOrientationPortraitUpsideDown UIInterfaceOrientationLandscapeLeft UIInterfaceOrientationLandscapeRight";
				INFOPLIST_KEY_UISupportedInterfaceOrientations_iPhone = "UIInterfaceOrientationPortrait UIInterfaceOrientationLandscapeLeft UIInterfaceOrientationLandscapeRight";
				IPHONEOS_DEPLOYMENT_TARGET = 17.5;
				LD_RUNPATH_SEARCH_PATHS = (
					"$(inherited)",
					"@executable_path/Frameworks",
				);
				MARKETING_VERSION = 1.0;
				MD_API_KEY = c9856d0cb57c3f14bf75bdc6c063b8f3;
				PRODUCT_BUNDLE_IDENTIFIER = com.alaazarifa.moviez.Moviez;
				PRODUCT_NAME = "$(TARGET_NAME)";
				SWIFT_EMIT_LOC_STRINGS = YES;
				SWIFT_VERSION = 5.0;
				TARGETED_DEVICE_FAMILY = "1,2";
			};
			name = Release;
		};
/* End XCBuildConfiguration section */

/* Begin XCConfigurationList section */
		6114538B2C0DD8CA00F80CB3 /* Build configuration list for PBXProject "Moviez" */ = {
			isa = XCConfigurationList;
			buildConfigurations = (
				6114539C2C0DD8CC00F80CB3 /* Debug */,
				6114539D2C0DD8CC00F80CB3 /* Release */,
			);
			defaultConfigurationIsVisible = 0;
			defaultConfigurationName = Release;
		};
		6114539E2C0DD8CC00F80CB3 /* Build configuration list for PBXNativeTarget "Moviez" */ = {
			isa = XCConfigurationList;
			buildConfigurations = (
				6114539F2C0DD8CC00F80CB3 /* Debug */,
				611453A02C0DD8CC00F80CB3 /* Release */,
			);
			defaultConfigurationIsVisible = 0;
			defaultConfigurationName = Release;
		};
/* End XCConfigurationList section */
	};
	rootObject = 611453882C0DD8CA00F80CB3 /* Project object */;
}
